hash: 67b93f1ca72f187c5a1dac9ecf0bc896c85c9eae3921a8ce20158f698a2d63b0
updated: 2016-12-29T01:41:50.456821307+07:00
imports:
- name: github.com/bmuller/arrow
  version: 57b28416c629f234bd2291d3ba7b19b9a064fd37
  subpackages:
  - lib
- name: github.com/brandfolder/gin-gorelic
  version: b3200fd6d4c7c434fd4d4d7ecb39a3c43aa8253c
- name: github.com/carlescere/scheduler
  version: ddcf6a6be3e8bd4b480f96031d9e1f3abecf2767
- name: github.com/gin-gonic/contrib
  version: 7b9bbbaec78850441ed357ac702e474b26c08f9b
  subpackages:
  - ginrus
- name: github.com/gin-gonic/gin
  version: e2212d40c62a98b388a5eb48ecbdcf88534688ba
  subpackages:
  - binding
  - render
- name: github.com/golang/protobuf
  version: 2402d76f3d41f928c7902a765dfc872356dd3aad
  subpackages:
  - proto
- name: github.com/manucorporat/sse
  version: ee05b128a739a0fb76c7ebd3ae4810c1de808d6d
- name: github.com/mattn/go-isatty
  version: 66b8e73f3f5cda9f96b69efd03dd3d7fc4a5cdb8
- name: github.com/nlopes/slack
  version: e595e9d8590a04ff76407e4e7d1791d25b095c66
- name: github.com/Sirupsen/logrus
  version: d26492970760ca5d33129d2d799e34be5c4782eb
- name: github.com/yvasiyarov/go-metrics
  version: c25f46c4b94079672242ec48a545e7ca9ebe3aec
- name: github.com/yvasiyarov/gorelic
  version: ae09aa139a2b7f638e2412baceaceebd41eff115
- name: github.com/yvasiyarov/newrelic_platform_go
  version: 9c099fbc30e90de5bb5c5f94aa5fd08f2daeaacd
- name: golang.org/x/net
  version: f315505cf3349909cdf013ea56690da34e96a451
  subpackages:
  - context
  - websocket
- name: golang.org/x/sys
  version: 8f0908ab3b2457e2e15403d3697c9ef5cb4b57a9
  subpackages:
  - unix
- name: gopkg.in/go-playground/validator.v8
  version: c193cecd124b5cc722d7ee5538e945bdb3348435
- name: gopkg.in/mgo.v2
  version: c6a7dce14133ccac2dcac3793f1d6e2ef048503a
  subpackages:
  - bson
  - internal/scram
  - sasl
- name: gopkg.in/yaml.v2
  version: c1cd2254a6dd314c9d73c338c12688c9325d85c6
testImports: []
